
Microsoft Visual Studio Solution File, Format Version 12.00
# Visual Studio Version 17
VisualStudioVersion = 17.9.34728.123
MinimumVisualStudioVersion = 10.0.40219.1
Project("{FAE04EC0-301F-11D3-BF4B-00C04F79EFBC}") = "nap_shop", "nap_shop.csproj", "{413A3C1B-6239-496B-9B11-84CA2E92F070}"
EndProject
Global
	GlobalSection(SolutionConfigurationPlatforms) = preSolution
		Debug|Any CPU = Debug|Any CPU
		Release|Any CPU = Release|Any CPU
	EndGlobalSection
	GlobalSection(ProjectConfigurationPlatforms) = postSolution
		{413A3C1B-6239-496B-9B11-84CA2E92F070}.Debug|Any CPU.ActiveCfg = Debug|Any CPU
		{413A3C1B-6239-496B-9B11-84CA2E92F070}.Debug|Any CPU.Build.0 = Debug|Any CPU
		{413A3C1B-6239-496B-9B11-84CA2E92F070}.Release|Any CPU.ActiveCfg = Release|Any CPU
		{413A3C1B-6239-496B-9B11-84CA2E92F070}.Release|Any CPU.Build.0 = Release|Any CPU
	EndGlobalSection
	GlobalSection(SolutionProperties) = preSolution
		HideSolutionNode = FALSE
	EndGlobalSection
	GlobalSection(ExtensibilityGlobals) = postSolution
		SolutionGuid = {E23BBCC9-2A65-415A-83E9-AEF77A2371EE}
	EndGlobalSection
EndGlobal
